
Microsoft Visual Studio Solution File, Format Version 12.00
# Visual Studio Version 16
VisualStudioVersion = 16.0.30517.126
MinimumVisualStudioVersion = 10.0.40219.1
Project("{FAE04EC0-301F-11D3-BF4B-00C04F79EFBC}") = "01_KomodoCafe", "01_KomodoCafe\01_KomodoCafe.csproj", "{9BF74D54-A903-4E48-9451-F0446EA30C33}"
EndProject
Project("{FAE04EC0-301F-11D3-BF4B-00C04F79EFBC}") = "MenuConsole", "MenuConsole\MenuConsole.csproj", "{E97D8384-D425-4910-92E1-1C177D2288E1}"
EndProject
Project("{2150E333-8FDC-42A3-9474-1A3956D46DE8}") = "KomodoCafe", "KomodoCafe", "{2EBFE0B2-E6DF-475A-B1AF-3CDC27C9A125}"
EndProject
Project("{FAE04EC0-301F-11D3-BF4B-00C04F79EFBC}") = "MenuRepo_Tests", "MenuRepo_Tests\MenuRepo_Tests.csproj", "{6A334BB2-F8A9-4C52-A871-2BC39C90A9CD}"
EndProject
Project("{FAE04EC0-301F-11D3-BF4B-00C04F79EFBC}") = "02_Claims", "02_Claims\02_Claims.csproj", "{DEF09CE0-BD82-4530-98F4-23512D80830A}"
EndProject
Project("{FAE04EC0-301F-11D3-BF4B-00C04F79EFBC}") = "ClaimRepository_Tests", "ClaimRepository_Tests\ClaimRepository_Tests.csproj", "{21036459-24E0-4669-B8E7-A3E09FBDB49B}"
EndProject
Project("{FAE04EC0-301F-11D3-BF4B-00C04F79EFBC}") = "ClaimsConsole", "ClaimsConsole\ClaimsConsole.csproj", "{7F05AC6E-4ECD-4377-A1EA-FD09CDE37474}"
EndProject
Project("{2150E333-8FDC-42A3-9474-1A3956D46DE8}") = "Claims", "Claims", "{13BED8C4-84D2-41C2-A257-54CCE08AAD95}"
EndProject
Project("{2150E333-8FDC-42A3-9474-1A3956D46DE8}") = "Badges", "Badges", "{D4B723D0-D783-4B43-BA5C-8463FB259D05}"
EndProject
Project("{FAE04EC0-301F-11D3-BF4B-00C04F79EFBC}") = "03_Badges", "03_Badges\03_Badges.csproj", "{E15D0172-67C8-473F-A3B7-98F28249BD0E}"
EndProject
Project("{FAE04EC0-301F-11D3-BF4B-00C04F79EFBC}") = "BadgeRepository_Tests", "BadgeRepository_Tests\BadgeRepository_Tests.csproj", "{34D19EF1-737A-4939-A306-63E2CD5294DF}"
EndProject
Project("{FAE04EC0-301F-11D3-BF4B-00C04F79EFBC}") = "BadgeConsole", "BadgeConsole\BadgeConsole.csproj", "{CCFF46D8-B7D1-4B39-8C56-6D8F7A1ED2B7}"
EndProject
Global
	GlobalSection(SolutionConfigurationPlatforms) = preSolution
		Debug|Any CPU = Debug|Any CPU
		Release|Any CPU = Release|Any CPU
	EndGlobalSection
	GlobalSection(ProjectConfigurationPlatforms) = postSolution
		{9BF74D54-A903-4E48-9451-F0446EA30C33}.Debug|Any CPU.ActiveCfg = Debug|Any CPU
		{9BF74D54-A903-4E48-9451-F0446EA30C33}.Debug|Any CPU.Build.0 = Debug|Any CPU
		{9BF74D54-A903-4E48-9451-F0446EA30C33}.Release|Any CPU.ActiveCfg = Release|Any CPU
		{9BF74D54-A903-4E48-9451-F0446EA30C33}.Release|Any CPU.Build.0 = Release|Any CPU
		{E97D8384-D425-4910-92E1-1C177D2288E1}.Debug|Any CPU.ActiveCfg = Debug|Any CPU
		{E97D8384-D425-4910-92E1-1C177D2288E1}.Debug|Any CPU.Build.0 = Debug|Any CPU
		{E97D8384-D425-4910-92E1-1C177D2288E1}.Release|Any CPU.ActiveCfg = Release|Any CPU
		{E97D8384-D425-4910-92E1-1C177D2288E1}.Release|Any CPU.Build.0 = Release|Any CPU
		{6A334BB2-F8A9-4C52-A871-2BC39C90A9CD}.Debug|Any CPU.ActiveCfg = Debug|Any CPU
		{6A334BB2-F8A9-4C52-A871-2BC39C90A9CD}.Debug|Any CPU.Build.0 = Debug|Any CPU
		{6A334BB2-F8A9-4C52-A871-2BC39C90A9CD}.Release|Any CPU.ActiveCfg = Release|Any CPU
		{6A334BB2-F8A9-4C52-A871-2BC39C90A9CD}.Release|Any CPU.Build.0 = Release|Any CPU
		{DEF09CE0-BD82-4530-98F4-23512D80830A}.Debug|Any CPU.ActiveCfg = Debug|Any CPU
		{DEF09CE0-BD82-4530-98F4-23512D80830A}.Debug|Any CPU.Build.0 = Debug|Any CPU
		{DEF09CE0-BD82-4530-98F4-23512D80830A}.Release|Any CPU.ActiveCfg = Release|Any CPU
		{DEF09CE0-BD82-4530-98F4-23512D80830A}.Release|Any CPU.Build.0 = Release|Any CPU
		{21036459-24E0-4669-B8E7-A3E09FBDB49B}.Debug|Any CPU.ActiveCfg = Debug|Any CPU
		{21036459-24E0-4669-B8E7-A3E09FBDB49B}.Debug|Any CPU.Build.0 = Debug|Any CPU
		{21036459-24E0-4669-B8E7-A3E09FBDB49B}.Release|Any CPU.ActiveCfg = Release|Any CPU
		{21036459-24E0-4669-B8E7-A3E09FBDB49B}.Release|Any CPU.Build.0 = Release|Any CPU
		{7F05AC6E-4ECD-4377-A1EA-FD09CDE37474}.Debug|Any CPU.ActiveCfg = Debug|Any CPU
		{7F05AC6E-4ECD-4377-A1EA-FD09CDE37474}.Debug|Any CPU.Build.0 = Debug|Any CPU
		{7F05AC6E-4ECD-4377-A1EA-FD09CDE37474}.Release|Any CPU.ActiveCfg = Release|Any CPU
		{7F05AC6E-4ECD-4377-A1EA-FD09CDE37474}.Release|Any CPU.Build.0 = Release|Any CPU
		{E15D0172-67C8-473F-A3B7-98F28249BD0E}.Debug|Any CPU.ActiveCfg = Debug|Any CPU
		{E15D0172-67C8-473F-A3B7-98F28249BD0E}.Debug|Any CPU.Build.0 = Debug|Any CPU
		{E15D0172-67C8-473F-A3B7-98F28249BD0E}.Release|Any CPU.ActiveCfg = Release|Any CPU
		{E15D0172-67C8-473F-A3B7-98F28249BD0E}.Release|Any CPU.Build.0 = Release|Any CPU
		{34D19EF1-737A-4939-A306-63E2CD5294DF}.Debug|Any CPU.ActiveCfg = Debug|Any CPU
		{34D19EF1-737A-4939-A306-63E2CD5294DF}.Debug|Any CPU.Build.0 = Debug|Any CPU
		{34D19EF1-737A-4939-A306-63E2CD5294DF}.Release|Any CPU.ActiveCfg = Release|Any CPU
		{34D19EF1-737A-4939-A306-63E2CD5294DF}.Release|Any CPU.Build.0 = Release|Any CPU
		{CCFF46D8-B7D1-4B39-8C56-6D8F7A1ED2B7}.Debug|Any CPU.ActiveCfg = Debug|Any CPU
		{CCFF46D8-B7D1-4B39-8C56-6D8F7A1ED2B7}.Debug|Any CPU.Build.0 = Debug|Any CPU
		{CCFF46D8-B7D1-4B39-8C56-6D8F7A1ED2B7}.Release|Any CPU.ActiveCfg = Release|Any CPU
		{CCFF46D8-B7D1-4B39-8C56-6D8F7A1ED2B7}.Release|Any CPU.Build.0 = Release|Any CPU
	EndGlobalSection
	GlobalSection(SolutionProperties) = preSolution
		HideSolutionNode = FALSE
	EndGlobalSection
	GlobalSection(NestedProjects) = preSolution
		{9BF74D54-A903-4E48-9451-F0446EA30C33} = {2EBFE0B2-E6DF-475A-B1AF-3CDC27C9A125}
		{E97D8384-D425-4910-92E1-1C177D2288E1} = {2EBFE0B2-E6DF-475A-B1AF-3CDC27C9A125}
		{6A334BB2-F8A9-4C52-A871-2BC39C90A9CD} = {2EBFE0B2-E6DF-475A-B1AF-3CDC27C9A125}
		{DEF09CE0-BD82-4530-98F4-23512D80830A} = {13BED8C4-84D2-41C2-A257-54CCE08AAD95}
		{21036459-24E0-4669-B8E7-A3E09FBDB49B} = {13BED8C4-84D2-41C2-A257-54CCE08AAD95}
		{7F05AC6E-4ECD-4377-A1EA-FD09CDE37474} = {13BED8C4-84D2-41C2-A257-54CCE08AAD95}
		{E15D0172-67C8-473F-A3B7-98F28249BD0E} = {D4B723D0-D783-4B43-BA5C-8463FB259D05}
		{34D19EF1-737A-4939-A306-63E2CD5294DF} = {D4B723D0-D783-4B43-BA5C-8463FB259D05}
		{CCFF46D8-B7D1-4B39-8C56-6D8F7A1ED2B7} = {D4B723D0-D783-4B43-BA5C-8463FB259D05}
	EndGlobalSection
	GlobalSection(ExtensibilityGlobals) = postSolution
		SolutionGuid = {986D3BB1-C347-418C-BFB5-D79D806DE93E}
	EndGlobalSection
EndGlobal
